
Microsoft Visual Studio Solution File, Format Version 12.00
Project("{2150E333-8FDC-42A3-9474-1A3956D46DE8}") = "Shared", "Shared", "{B788935F-3BD4-4133-BEC5-60145306126C}"
EndProject
Project("{2150E333-8FDC-42A3-9474-1A3956D46DE8}") = "Business", "Business", "{5A8F57F9-DC71-42F9-8FDE-9255FFB973B0}"
EndProject
Project("{2150E333-8FDC-42A3-9474-1A3956D46DE8}") = "Data", "Data", "{DCCBE8AA-D483-485C-9C92-74E465527CE2}"
EndProject
Project("{2150E333-8FDC-42A3-9474-1A3956D46DE8}") = "Hosts", "Hosts", "{7779D10D-4DE0-4A71-AF55-7C388DB16515}"
EndProject
Project("{2150E333-8FDC-42A3-9474-1A3956D46DE8}") = "Tests", "Tests", "{011BADB1-E58E-4A6A-A2B2-4B4B8AC61A8F}"
EndProject
Project("{FAE04EC0-301F-11D3-BF4B-00C04F79EFBC}") = "ErtisAuth.Core", "ErtisAuth.Core\ErtisAuth.Core.csproj", "{6FBE22E4-CCDC-444E-9D29-A805E6BB03A6}"
EndProject
Project("{FAE04EC0-301F-11D3-BF4B-00C04F79EFBC}") = "ErtisAuth.Abstractions", "ErtisAuth.Abstractions\ErtisAuth.Abstractions.csproj", "{8102DAC0-4824-4781-909C-B2E2FD727F64}"
EndProject
Project("{FAE04EC0-301F-11D3-BF4B-00C04F79EFBC}") = "ErtisAuth.Dto", "ErtisAuth.Dto\ErtisAuth.Dto.csproj", "{BDCEB489-ABFF-4F01-AFE9-1779E85FE5B7}"
EndProject
Project("{FAE04EC0-301F-11D3-BF4B-00C04F79EFBC}") = "ErtisAuth.Dao", "ErtisAuth.Dao\ErtisAuth.Dao.csproj", "{74DDE799-6A93-4180-8763-0F6C79B3EA76}"
EndProject
Project("{FAE04EC0-301F-11D3-BF4B-00C04F79EFBC}") = "ErtisAuth.Infrastructure", "ErtisAuth.Infrastructure\ErtisAuth.Infrastructure.csproj", "{C2641A2E-D441-4DDA-9C0B-DE473346EE6F}"
EndProject
Project("{FAE04EC0-301F-11D3-BF4B-00C04F79EFBC}") = "ErtisAuth.WebAPI", "ErtisAuth.WebAPI\ErtisAuth.WebAPI.csproj", "{84C1ABDD-3E8A-4E71-A2DB-63C6113FE788}"
EndProject
Project("{FAE04EC0-301F-11D3-BF4B-00C04F79EFBC}") = "ErtisAuth.Tests", "ErtisAuth.Tests\ErtisAuth.Tests.csproj", "{472C9862-E1F2-48E6-88D5-9B59DBDA391B}"
EndProject
Project("{2150E333-8FDC-42A3-9474-1A3956D46DE8}") = "Identity", "Identity", "{B86768F1-AD3F-4519-A367-E8ACA40D1FD5}"
EndProject
Project("{FAE04EC0-301F-11D3-BF4B-00C04F79EFBC}") = "ErtisAuth.Identity", "ErtisAuth.Identity\ErtisAuth.Identity.csproj", "{77123630-7CAE-4EC5-9AAB-C20200363A54}"
EndProject
Project("{2150E333-8FDC-42A3-9474-1A3956D46DE8}") = "Sdk", "Sdk", "{597A11F4-86E6-428B-A283-0B1953FD290E}"
EndProject
Project("{FAE04EC0-301F-11D3-BF4B-00C04F79EFBC}") = "ErtisAuth.Sdk", "ErtisAuth.Sdk\ErtisAuth.Sdk.csproj", "{8162D3D5-AB68-4B86-ACFB-F780500B556D}"
EndProject
Project("{2150E333-8FDC-42A3-9474-1A3956D46DE8}") = "Extensions", "Extensions", "{872EE072-7CDD-40FB-B936-4640B68D06D8}"
EndProject
Project("{FAE04EC0-301F-11D3-BF4B-00C04F79EFBC}") = "ErtisAuth.Extensions.AspNetCore", "ErtisAuth.Extensions.AspNetCore\ErtisAuth.Extensions.AspNetCore.csproj", "{5D54640F-E5B6-496F-A261-E1BBF48337ED}"
EndProject
Project("{FAE04EC0-301F-11D3-BF4B-00C04F79EFBC}") = "ErtisAuth.Extensions.Http", "ErtisAuth.Extensions.Http\ErtisAuth.Extensions.Http.csproj", "{EC7CBEBE-989C-463F-922F-A951CFF321DC}"
EndProject
Project("{FAE04EC0-301F-11D3-BF4B-00C04F79EFBC}") = "ErtisAuth.Extensions.Authorization", "ErtisAuth.Extensions.Authorization\ErtisAuth.Extensions.Authorization.csproj", "{A091A175-9892-40BF-843E-8BECD8023B7C}"
EndProject
Project("{FAE04EC0-301F-11D3-BF4B-00C04F79EFBC}") = "ErtisAuth.Extensions.Quartz", "ErtisAuth.Extensions.Quartz\ErtisAuth.Extensions.Quartz.csproj", "{ACDE01B2-710D-499B-A822-9FEDB806FB9E}"
EndProject
Project("{FAE04EC0-301F-11D3-BF4B-00C04F79EFBC}") = "ErtisAuth.Events", "ErtisAuth.Events\ErtisAuth.Events.csproj", "{7CDE23CD-50A7-4496-839B-6D6383A78E23}"
EndProject
Global
	GlobalSection(SolutionConfigurationPlatforms) = preSolution
		Debug|Any CPU = Debug|Any CPU
		Release|Any CPU = Release|Any CPU
	EndGlobalSection
	GlobalSection(ProjectConfigurationPlatforms) = postSolution
		{6FBE22E4-CCDC-444E-9D29-A805E6BB03A6}.Debug|Any CPU.ActiveCfg = Debug|Any CPU
		{6FBE22E4-CCDC-444E-9D29-A805E6BB03A6}.Debug|Any CPU.Build.0 = Debug|Any CPU
		{6FBE22E4-CCDC-444E-9D29-A805E6BB03A6}.Release|Any CPU.ActiveCfg = Release|Any CPU
		{6FBE22E4-CCDC-444E-9D29-A805E6BB03A6}.Release|Any CPU.Build.0 = Release|Any CPU
		{8102DAC0-4824-4781-909C-B2E2FD727F64}.Debug|Any CPU.ActiveCfg = Debug|Any CPU
		{8102DAC0-4824-4781-909C-B2E2FD727F64}.Debug|Any CPU.Build.0 = Debug|Any CPU
		{8102DAC0-4824-4781-909C-B2E2FD727F64}.Release|Any CPU.ActiveCfg = Release|Any CPU
		{8102DAC0-4824-4781-909C-B2E2FD727F64}.Release|Any CPU.Build.0 = Release|Any CPU
		{BDCEB489-ABFF-4F01-AFE9-1779E85FE5B7}.Debug|Any CPU.ActiveCfg = Debug|Any CPU
		{BDCEB489-ABFF-4F01-AFE9-1779E85FE5B7}.Debug|Any CPU.Build.0 = Debug|Any CPU
		{BDCEB489-ABFF-4F01-AFE9-1779E85FE5B7}.Release|Any CPU.ActiveCfg = Release|Any CPU
		{BDCEB489-ABFF-4F01-AFE9-1779E85FE5B7}.Release|Any CPU.Build.0 = Release|Any CPU
		{74DDE799-6A93-4180-8763-0F6C79B3EA76}.Debug|Any CPU.ActiveCfg = Debug|Any CPU
		{74DDE799-6A93-4180-8763-0F6C79B3EA76}.Debug|Any CPU.Build.0 = Debug|Any CPU
		{74DDE799-6A93-4180-8763-0F6C79B3EA76}.Release|Any CPU.ActiveCfg = Release|Any CPU
		{74DDE799-6A93-4180-8763-0F6C79B3EA76}.Release|Any CPU.Build.0 = Release|Any CPU
		{C2641A2E-D441-4DDA-9C0B-DE473346EE6F}.Debug|Any CPU.ActiveCfg = Debug|Any CPU
		{C2641A2E-D441-4DDA-9C0B-DE473346EE6F}.Debug|Any CPU.Build.0 = Debug|Any CPU
		{C2641A2E-D441-4DDA-9C0B-DE473346EE6F}.Release|Any CPU.ActiveCfg = Release|Any CPU
		{C2641A2E-D441-4DDA-9C0B-DE473346EE6F}.Release|Any CPU.Build.0 = Release|Any CPU
		{84C1ABDD-3E8A-4E71-A2DB-63C6113FE788}.Debug|Any CPU.ActiveCfg = Debug|Any CPU
		{84C1ABDD-3E8A-4E71-A2DB-63C6113FE788}.Debug|Any CPU.Build.0 = Debug|Any CPU
		{84C1ABDD-3E8A-4E71-A2DB-63C6113FE788}.Release|Any CPU.ActiveCfg = Release|Any CPU
		{84C1ABDD-3E8A-4E71-A2DB-63C6113FE788}.Release|Any CPU.Build.0 = Release|Any CPU
		{472C9862-E1F2-48E6-88D5-9B59DBDA391B}.Debug|Any CPU.ActiveCfg = Debug|Any CPU
		{472C9862-E1F2-48E6-88D5-9B59DBDA391B}.Debug|Any CPU.Build.0 = Debug|Any CPU
		{472C9862-E1F2-48E6-88D5-9B59DBDA391B}.Release|Any CPU.ActiveCfg = Release|Any CPU
		{472C9862-E1F2-48E6-88D5-9B59DBDA391B}.Release|Any CPU.Build.0 = Release|Any CPU
		{77123630-7CAE-4EC5-9AAB-C20200363A54}.Debug|Any CPU.ActiveCfg = Debug|Any CPU
		{77123630-7CAE-4EC5-9AAB-C20200363A54}.Debug|Any CPU.Build.0 = Debug|Any CPU
		{77123630-7CAE-4EC5-9AAB-C20200363A54}.Release|Any CPU.ActiveCfg = Release|Any CPU
		{77123630-7CAE-4EC5-9AAB-C20200363A54}.Release|Any CPU.Build.0 = Release|Any CPU
		{8162D3D5-AB68-4B86-ACFB-F780500B556D}.Debug|Any CPU.ActiveCfg = Debug|Any CPU
		{8162D3D5-AB68-4B86-ACFB-F780500B556D}.Debug|Any CPU.Build.0 = Debug|Any CPU
		{8162D3D5-AB68-4B86-ACFB-F780500B556D}.Release|Any CPU.ActiveCfg = Release|Any CPU
		{8162D3D5-AB68-4B86-ACFB-F780500B556D}.Release|Any CPU.Build.0 = Release|Any CPU
		{5D54640F-E5B6-496F-A261-E1BBF48337ED}.Debug|Any CPU.ActiveCfg = Debug|Any CPU
		{5D54640F-E5B6-496F-A261-E1BBF48337ED}.Debug|Any CPU.Build.0 = Debug|Any CPU
		{5D54640F-E5B6-496F-A261-E1BBF48337ED}.Release|Any CPU.ActiveCfg = Release|Any CPU
		{5D54640F-E5B6-496F-A261-E1BBF48337ED}.Release|Any CPU.Build.0 = Release|Any CPU
		{EC7CBEBE-989C-463F-922F-A951CFF321DC}.Debug|Any CPU.ActiveCfg = Debug|Any CPU
		{EC7CBEBE-989C-463F-922F-A951CFF321DC}.Debug|Any CPU.Build.0 = Debug|Any CPU
		{EC7CBEBE-989C-463F-922F-A951CFF321DC}.Release|Any CPU.ActiveCfg = Release|Any CPU
		{EC7CBEBE-989C-463F-922F-A951CFF321DC}.Release|Any CPU.Build.0 = Release|Any CPU
		{A091A175-9892-40BF-843E-8BECD8023B7C}.Debug|Any CPU.ActiveCfg = Debug|Any CPU
		{A091A175-9892-40BF-843E-8BECD8023B7C}.Debug|Any CPU.Build.0 = Debug|Any CPU
		{A091A175-9892-40BF-843E-8BECD8023B7C}.Release|Any CPU.ActiveCfg = Release|Any CPU
		{A091A175-9892-40BF-843E-8BECD8023B7C}.Release|Any CPU.Build.0 = Release|Any CPU
		{ACDE01B2-710D-499B-A822-9FEDB806FB9E}.Debug|Any CPU.ActiveCfg = Debug|Any CPU
		{ACDE01B2-710D-499B-A822-9FEDB806FB9E}.Debug|Any CPU.Build.0 = Debug|Any CPU
		{ACDE01B2-710D-499B-A822-9FEDB806FB9E}.Release|Any CPU.ActiveCfg = Release|Any CPU
		{ACDE01B2-710D-499B-A822-9FEDB806FB9E}.Release|Any CPU.Build.0 = Release|Any CPU
		{7CDE23CD-50A7-4496-839B-6D6383A78E23}.Debug|Any CPU.ActiveCfg = Debug|Any CPU
		{7CDE23CD-50A7-4496-839B-6D6383A78E23}.Debug|Any CPU.Build.0 = Debug|Any CPU
		{7CDE23CD-50A7-4496-839B-6D6383A78E23}.Release|Any CPU.ActiveCfg = Release|Any CPU
		{7CDE23CD-50A7-4496-839B-6D6383A78E23}.Release|Any CPU.Build.0 = Release|Any CPU
	EndGlobalSection
	GlobalSection(NestedProjects) = preSolution
		{6FBE22E4-CCDC-444E-9D29-A805E6BB03A6} = {B788935F-3BD4-4133-BEC5-60145306126C}
		{8102DAC0-4824-4781-909C-B2E2FD727F64} = {B788935F-3BD4-4133-BEC5-60145306126C}
		{BDCEB489-ABFF-4F01-AFE9-1779E85FE5B7} = {DCCBE8AA-D483-485C-9C92-74E465527CE2}
		{74DDE799-6A93-4180-8763-0F6C79B3EA76} = {DCCBE8AA-D483-485C-9C92-74E465527CE2}
		{C2641A2E-D441-4DDA-9C0B-DE473346EE6F} = {5A8F57F9-DC71-42F9-8FDE-9255FFB973B0}
		{84C1ABDD-3E8A-4E71-A2DB-63C6113FE788} = {7779D10D-4DE0-4A71-AF55-7C388DB16515}
		{472C9862-E1F2-48E6-88D5-9B59DBDA391B} = {011BADB1-E58E-4A6A-A2B2-4B4B8AC61A8F}
		{77123630-7CAE-4EC5-9AAB-C20200363A54} = {B86768F1-AD3F-4519-A367-E8ACA40D1FD5}
		{8162D3D5-AB68-4B86-ACFB-F780500B556D} = {597A11F4-86E6-428B-A283-0B1953FD290E}
		{5D54640F-E5B6-496F-A261-E1BBF48337ED} = {872EE072-7CDD-40FB-B936-4640B68D06D8}
		{EC7CBEBE-989C-463F-922F-A951CFF321DC} = {872EE072-7CDD-40FB-B936-4640B68D06D8}
		{A091A175-9892-40BF-843E-8BECD8023B7C} = {872EE072-7CDD-40FB-B936-4640B68D06D8}
		{ACDE01B2-710D-499B-A822-9FEDB806FB9E} = {872EE072-7CDD-40FB-B936-4640B68D06D8}
		{7CDE23CD-50A7-4496-839B-6D6383A78E23} = {B788935F-3BD4-4133-BEC5-60145306126C}
	EndGlobalSection
EndGlobal
