
Microsoft Visual Studio Solution File, Format Version 12.00
Project("{FAE04EC0-301F-11D3-BF4B-00C04F79EFBC}") = "ErtisAuth.WebAPI", "ErtisAuth.WebAPI\ErtisAuth.WebAPI.csproj", "{3DBF8D8C-08F0-46F5-ACE8-E5E303649F8E}"
EndProject
Project("{2150E333-8FDC-42A3-9474-1A3956D46DE8}") = "Hosts", "Hosts", "{39676EB6-FDB2-481D-BA89-A3B08B87950D}"
EndProject
Project("{2150E333-8FDC-42A3-9474-1A3956D46DE8}") = "Business", "Business", "{421C1813-05DB-4F12-B40F-A6E21153F66D}"
EndProject
Project("{FAE04EC0-301F-11D3-BF4B-00C04F79EFBC}") = "ErtisAuth.Infrastructure", "ErtisAuth.Infrastructure\ErtisAuth.Infrastructure.csproj", "{3DB0B75B-8262-43B0-95BB-BF8EC2C5AFE8}"
EndProject
Project("{2150E333-8FDC-42A3-9474-1A3956D46DE8}") = "Data", "Data", "{75F7EBDC-7BE8-4A39-A316-434597B96203}"
EndProject
Project("{FAE04EC0-301F-11D3-BF4B-00C04F79EFBC}") = "ErtisAuth.Dao", "ErtisAuth.Dao\ErtisAuth.Dao.csproj", "{FC96ABA0-8F74-4D7B-8CCB-5650D56C342B}"
EndProject
Project("{FAE04EC0-301F-11D3-BF4B-00C04F79EFBC}") = "ErtisAuth.Dto", "ErtisAuth.Dto\ErtisAuth.Dto.csproj", "{69FDA3E4-44E4-4217-8D2F-EC7D7C21510B}"
EndProject
Project("{2150E333-8FDC-42A3-9474-1A3956D46DE8}") = "Extensions", "Extensions", "{7A1F28C8-4EEC-4876-B761-F0A7C7BFF02E}"
EndProject
Project("{FAE04EC0-301F-11D3-BF4B-00C04F79EFBC}") = "ErtisAuth.Extensions.AspNetCore", "ErtisAuth.Extensions.AspNetCore\ErtisAuth.Extensions.AspNetCore.csproj", "{A95489E8-445E-4B47-B2CC-52400464879B}"
EndProject
Project("{FAE04EC0-301F-11D3-BF4B-00C04F79EFBC}") = "ErtisAuth.Extensions.Authorization", "ErtisAuth.Extensions.Authorization\ErtisAuth.Extensions.Authorization.csproj", "{968B1D65-84DF-4D2D-A3A2-FA55ADED037E}"
EndProject
Project("{FAE04EC0-301F-11D3-BF4B-00C04F79EFBC}") = "ErtisAuth.Extensions.Http", "ErtisAuth.Extensions.Http\ErtisAuth.Extensions.Http.csproj", "{D1A7BC37-5955-433E-8ECF-22EF8B42FB9D}"
EndProject
Project("{FAE04EC0-301F-11D3-BF4B-00C04F79EFBC}") = "ErtisAuth.Extensions.Quartz", "ErtisAuth.Extensions.Quartz\ErtisAuth.Extensions.Quartz.csproj", "{6B007A6B-6BB2-4DA0-A6D0-BE3145A2B31A}"
EndProject
Project("{2150E333-8FDC-42A3-9474-1A3956D46DE8}") = "Identity", "Identity", "{FD72FF99-EDD9-462E-A36B-CB47C0B551B3}"
EndProject
Project("{FAE04EC0-301F-11D3-BF4B-00C04F79EFBC}") = "ErtisAuth.Identity", "ErtisAuth.Identity\ErtisAuth.Identity.csproj", "{525B3364-D906-41E5-872C-072285FFAC25}"
EndProject
Project("{2150E333-8FDC-42A3-9474-1A3956D46DE8}") = "Sdk", "Sdk", "{D15FA960-86F9-4638-933A-54AEA1D3F8EF}"
EndProject
Project("{FAE04EC0-301F-11D3-BF4B-00C04F79EFBC}") = "ErtisAuth.Sdk", "ErtisAuth.Sdk\ErtisAuth.Sdk.csproj", "{4ECCDC1D-5582-4E7D-B514-61D87C1408C4}"
EndProject
Project("{2150E333-8FDC-42A3-9474-1A3956D46DE8}") = "Shared", "Shared", "{4A33CC49-4B0D-4242-AF2B-5BA3C0243149}"
EndProject
Project("{FAE04EC0-301F-11D3-BF4B-00C04F79EFBC}") = "ErtisAuth.Abstractions", "ErtisAuth.Abstractions\ErtisAuth.Abstractions.csproj", "{F0B436DF-3D88-49CC-A985-3D132FC32597}"
EndProject
Project("{FAE04EC0-301F-11D3-BF4B-00C04F79EFBC}") = "ErtisAuth.Core", "ErtisAuth.Core\ErtisAuth.Core.csproj", "{0C049A0A-C90D-4DEE-8A5F-C30EFCCFD8DA}"
EndProject
Project("{FAE04EC0-301F-11D3-BF4B-00C04F79EFBC}") = "ErtisAuth.Events", "ErtisAuth.Events\ErtisAuth.Events.csproj", "{FA159067-3B0D-403A-A777-43312EA12069}"
EndProject
Project("{2150E333-8FDC-42A3-9474-1A3956D46DE8}") = "Tests", "Tests", "{FD2D2537-FCE6-4E2B-968C-FD5428DA5F90}"
EndProject
Project("{FAE04EC0-301F-11D3-BF4B-00C04F79EFBC}") = "ErtisAuth.Tests", "ErtisAuth.Tests\ErtisAuth.Tests.csproj", "{C170350E-33E3-4982-9BED-C7C4F2D68085}"
EndProject
Project("{FAE04EC0-301F-11D3-BF4B-00C04F79EFBC}") = "ErtisAuth.Extensions.Mailkit", "ErtisAuth.Extensions.Mailkit\ErtisAuth.Extensions.Mailkit.csproj", "{F0DDF483-5AD1-4E4D-8DD9-DA41B77F7CD9}"
EndProject
Project("{2150E333-8FDC-42A3-9474-1A3956D46DE8}") = "Integrations", "Integrations", "{EAFD8CFE-317A-4BC4-8321-3F2935750D06}"
EndProject
Project("{FAE04EC0-301F-11D3-BF4B-00C04F79EFBC}") = "ErtisAuth.Integrations.OAuth", "ErtisAuth.Integrations.OAuth\ErtisAuth.Integrations.OAuth.csproj", "{1DE9F4C9-1814-49AE-A885-6B08E86A5426}"
EndProject
Project("{FAE04EC0-301F-11D3-BF4B-00C04F79EFBC}") = "ErtisAuth.Integrations.OAuth.Facebook", "ErtisAuth.Integrations.OAuth.Facebook\ErtisAuth.Integrations.OAuth.Facebook.csproj", "{340CCC32-617D-4A0A-A142-569EF188C6EC}"
EndProject
Project("{FAE04EC0-301F-11D3-BF4B-00C04F79EFBC}") = "ErtisAuth.Integrations.OAuth.Core", "ErtisAuth.Integrations.OAuth.Core\ErtisAuth.Integrations.OAuth.Core.csproj", "{4C28415A-A744-4986-A72A-67E0E31CB6FC}"
EndProject
Project("{FAE04EC0-301F-11D3-BF4B-00C04F79EFBC}") = "ErtisAuth.Integrations.OAuth.Abstractions", "ErtisAuth.Integrations.OAuth.Abstractions\ErtisAuth.Integrations.OAuth.Abstractions.csproj", "{6C7C5191-FDC5-43FC-8191-807FF37490DE}"
EndProject
Project("{FAE04EC0-301F-11D3-BF4B-00C04F79EFBC}") = "ErtisAuth.Integrations.OAuth.Google", "ErtisAuth.Integrations.OAuth.Google\ErtisAuth.Integrations.OAuth.Google.csproj", "{DF4C6AD5-5476-452D-932E-2626F9745D70}"
EndProject
Project("{FAE04EC0-301F-11D3-BF4B-00C04F79EFBC}") = "ErtisAuth.Integrations.OAuth.Microsoft", "ErtisAuth.Integrations.OAuth.Microsoft\ErtisAuth.Integrations.OAuth.Microsoft.csproj", "{756624BC-F11F-4058-AD4C-8E56BC277102}"
EndProject
Project("{FAE04EC0-301F-11D3-BF4B-00C04F79EFBC}") = "ErtisAuth.Extensions.Database", "ErtisAuth.Extensions.Database\ErtisAuth.Extensions.Database.csproj", "{8910B631-672E-42BC-9207-611DB861CA31}"
EndProject
Project("{FAE04EC0-301F-11D3-BF4B-00C04F79EFBC}") = "ErtisAuth.Integrations.OAuth.Apple", "ErtisAuth.Integrations.OAuth.Apple\ErtisAuth.Integrations.OAuth.Apple.csproj", "{E960023C-9A83-405F-B53D-3C837E88DFF3}"
EndProject
Project("{FAE04EC0-301F-11D3-BF4B-00C04F79EFBC}") = "ErtisAuth.Extensions.Hosting", "ErtisAuth.Extensions.Hosting\ErtisAuth.Extensions.Hosting.csproj", "{05CA255C-9068-4BAE-9152-6649803A7D72}"
EndProject
Global
	GlobalSection(SolutionConfigurationPlatforms) = preSolution
		Debug|Any CPU = Debug|Any CPU
		Release|Any CPU = Release|Any CPU
	EndGlobalSection
	GlobalSection(ProjectConfigurationPlatforms) = postSolution
		{3DBF8D8C-08F0-46F5-ACE8-E5E303649F8E}.Debug|Any CPU.ActiveCfg = Debug|Any CPU
		{3DBF8D8C-08F0-46F5-ACE8-E5E303649F8E}.Debug|Any CPU.Build.0 = Debug|Any CPU
		{3DBF8D8C-08F0-46F5-ACE8-E5E303649F8E}.Release|Any CPU.ActiveCfg = Release|Any CPU
		{3DBF8D8C-08F0-46F5-ACE8-E5E303649F8E}.Release|Any CPU.Build.0 = Release|Any CPU
		{3DB0B75B-8262-43B0-95BB-BF8EC2C5AFE8}.Debug|Any CPU.ActiveCfg = Debug|Any CPU
		{3DB0B75B-8262-43B0-95BB-BF8EC2C5AFE8}.Debug|Any CPU.Build.0 = Debug|Any CPU
		{3DB0B75B-8262-43B0-95BB-BF8EC2C5AFE8}.Release|Any CPU.ActiveCfg = Release|Any CPU
		{3DB0B75B-8262-43B0-95BB-BF8EC2C5AFE8}.Release|Any CPU.Build.0 = Release|Any CPU
		{FC96ABA0-8F74-4D7B-8CCB-5650D56C342B}.Debug|Any CPU.ActiveCfg = Debug|Any CPU
		{FC96ABA0-8F74-4D7B-8CCB-5650D56C342B}.Debug|Any CPU.Build.0 = Debug|Any CPU
		{FC96ABA0-8F74-4D7B-8CCB-5650D56C342B}.Release|Any CPU.ActiveCfg = Release|Any CPU
		{FC96ABA0-8F74-4D7B-8CCB-5650D56C342B}.Release|Any CPU.Build.0 = Release|Any CPU
		{69FDA3E4-44E4-4217-8D2F-EC7D7C21510B}.Debug|Any CPU.ActiveCfg = Debug|Any CPU
		{69FDA3E4-44E4-4217-8D2F-EC7D7C21510B}.Debug|Any CPU.Build.0 = Debug|Any CPU
		{69FDA3E4-44E4-4217-8D2F-EC7D7C21510B}.Release|Any CPU.ActiveCfg = Release|Any CPU
		{69FDA3E4-44E4-4217-8D2F-EC7D7C21510B}.Release|Any CPU.Build.0 = Release|Any CPU
		{A95489E8-445E-4B47-B2CC-52400464879B}.Debug|Any CPU.ActiveCfg = Debug|Any CPU
		{A95489E8-445E-4B47-B2CC-52400464879B}.Debug|Any CPU.Build.0 = Debug|Any CPU
		{A95489E8-445E-4B47-B2CC-52400464879B}.Release|Any CPU.ActiveCfg = Release|Any CPU
		{A95489E8-445E-4B47-B2CC-52400464879B}.Release|Any CPU.Build.0 = Release|Any CPU
		{968B1D65-84DF-4D2D-A3A2-FA55ADED037E}.Debug|Any CPU.ActiveCfg = Debug|Any CPU
		{968B1D65-84DF-4D2D-A3A2-FA55ADED037E}.Debug|Any CPU.Build.0 = Debug|Any CPU
		{968B1D65-84DF-4D2D-A3A2-FA55ADED037E}.Release|Any CPU.ActiveCfg = Release|Any CPU
		{968B1D65-84DF-4D2D-A3A2-FA55ADED037E}.Release|Any CPU.Build.0 = Release|Any CPU
		{D1A7BC37-5955-433E-8ECF-22EF8B42FB9D}.Debug|Any CPU.ActiveCfg = Debug|Any CPU
		{D1A7BC37-5955-433E-8ECF-22EF8B42FB9D}.Debug|Any CPU.Build.0 = Debug|Any CPU
		{D1A7BC37-5955-433E-8ECF-22EF8B42FB9D}.Release|Any CPU.ActiveCfg = Release|Any CPU
		{D1A7BC37-5955-433E-8ECF-22EF8B42FB9D}.Release|Any CPU.Build.0 = Release|Any CPU
		{6B007A6B-6BB2-4DA0-A6D0-BE3145A2B31A}.Debug|Any CPU.ActiveCfg = Debug|Any CPU
		{6B007A6B-6BB2-4DA0-A6D0-BE3145A2B31A}.Debug|Any CPU.Build.0 = Debug|Any CPU
		{6B007A6B-6BB2-4DA0-A6D0-BE3145A2B31A}.Release|Any CPU.ActiveCfg = Release|Any CPU
		{6B007A6B-6BB2-4DA0-A6D0-BE3145A2B31A}.Release|Any CPU.Build.0 = Release|Any CPU
		{525B3364-D906-41E5-872C-072285FFAC25}.Debug|Any CPU.ActiveCfg = Debug|Any CPU
		{525B3364-D906-41E5-872C-072285FFAC25}.Debug|Any CPU.Build.0 = Debug|Any CPU
		{525B3364-D906-41E5-872C-072285FFAC25}.Release|Any CPU.ActiveCfg = Release|Any CPU
		{525B3364-D906-41E5-872C-072285FFAC25}.Release|Any CPU.Build.0 = Release|Any CPU
		{4ECCDC1D-5582-4E7D-B514-61D87C1408C4}.Debug|Any CPU.ActiveCfg = Debug|Any CPU
		{4ECCDC1D-5582-4E7D-B514-61D87C1408C4}.Debug|Any CPU.Build.0 = Debug|Any CPU
		{4ECCDC1D-5582-4E7D-B514-61D87C1408C4}.Release|Any CPU.ActiveCfg = Release|Any CPU
		{4ECCDC1D-5582-4E7D-B514-61D87C1408C4}.Release|Any CPU.Build.0 = Release|Any CPU
		{F0B436DF-3D88-49CC-A985-3D132FC32597}.Debug|Any CPU.ActiveCfg = Debug|Any CPU
		{F0B436DF-3D88-49CC-A985-3D132FC32597}.Debug|Any CPU.Build.0 = Debug|Any CPU
		{F0B436DF-3D88-49CC-A985-3D132FC32597}.Release|Any CPU.ActiveCfg = Release|Any CPU
		{F0B436DF-3D88-49CC-A985-3D132FC32597}.Release|Any CPU.Build.0 = Release|Any CPU
		{0C049A0A-C90D-4DEE-8A5F-C30EFCCFD8DA}.Debug|Any CPU.ActiveCfg = Debug|Any CPU
		{0C049A0A-C90D-4DEE-8A5F-C30EFCCFD8DA}.Debug|Any CPU.Build.0 = Debug|Any CPU
		{0C049A0A-C90D-4DEE-8A5F-C30EFCCFD8DA}.Release|Any CPU.ActiveCfg = Release|Any CPU
		{0C049A0A-C90D-4DEE-8A5F-C30EFCCFD8DA}.Release|Any CPU.Build.0 = Release|Any CPU
		{FA159067-3B0D-403A-A777-43312EA12069}.Debug|Any CPU.ActiveCfg = Debug|Any CPU
		{FA159067-3B0D-403A-A777-43312EA12069}.Debug|Any CPU.Build.0 = Debug|Any CPU
		{FA159067-3B0D-403A-A777-43312EA12069}.Release|Any CPU.ActiveCfg = Release|Any CPU
		{FA159067-3B0D-403A-A777-43312EA12069}.Release|Any CPU.Build.0 = Release|Any CPU
		{C170350E-33E3-4982-9BED-C7C4F2D68085}.Debug|Any CPU.ActiveCfg = Debug|Any CPU
		{C170350E-33E3-4982-9BED-C7C4F2D68085}.Debug|Any CPU.Build.0 = Debug|Any CPU
		{C170350E-33E3-4982-9BED-C7C4F2D68085}.Release|Any CPU.ActiveCfg = Release|Any CPU
		{C170350E-33E3-4982-9BED-C7C4F2D68085}.Release|Any CPU.Build.0 = Release|Any CPU
		{F0DDF483-5AD1-4E4D-8DD9-DA41B77F7CD9}.Debug|Any CPU.ActiveCfg = Debug|Any CPU
		{F0DDF483-5AD1-4E4D-8DD9-DA41B77F7CD9}.Debug|Any CPU.Build.0 = Debug|Any CPU
		{F0DDF483-5AD1-4E4D-8DD9-DA41B77F7CD9}.Release|Any CPU.ActiveCfg = Release|Any CPU
		{F0DDF483-5AD1-4E4D-8DD9-DA41B77F7CD9}.Release|Any CPU.Build.0 = Release|Any CPU
		{1DE9F4C9-1814-49AE-A885-6B08E86A5426}.Debug|Any CPU.ActiveCfg = Debug|Any CPU
		{1DE9F4C9-1814-49AE-A885-6B08E86A5426}.Debug|Any CPU.Build.0 = Debug|Any CPU
		{1DE9F4C9-1814-49AE-A885-6B08E86A5426}.Release|Any CPU.ActiveCfg = Release|Any CPU
		{1DE9F4C9-1814-49AE-A885-6B08E86A5426}.Release|Any CPU.Build.0 = Release|Any CPU
		{340CCC32-617D-4A0A-A142-569EF188C6EC}.Debug|Any CPU.ActiveCfg = Debug|Any CPU
		{340CCC32-617D-4A0A-A142-569EF188C6EC}.Debug|Any CPU.Build.0 = Debug|Any CPU
		{340CCC32-617D-4A0A-A142-569EF188C6EC}.Release|Any CPU.ActiveCfg = Release|Any CPU
		{340CCC32-617D-4A0A-A142-569EF188C6EC}.Release|Any CPU.Build.0 = Release|Any CPU
		{4C28415A-A744-4986-A72A-67E0E31CB6FC}.Debug|Any CPU.ActiveCfg = Debug|Any CPU
		{4C28415A-A744-4986-A72A-67E0E31CB6FC}.Debug|Any CPU.Build.0 = Debug|Any CPU
		{4C28415A-A744-4986-A72A-67E0E31CB6FC}.Release|Any CPU.ActiveCfg = Release|Any CPU
		{4C28415A-A744-4986-A72A-67E0E31CB6FC}.Release|Any CPU.Build.0 = Release|Any CPU
		{6C7C5191-FDC5-43FC-8191-807FF37490DE}.Debug|Any CPU.ActiveCfg = Debug|Any CPU
		{6C7C5191-FDC5-43FC-8191-807FF37490DE}.Debug|Any CPU.Build.0 = Debug|Any CPU
		{6C7C5191-FDC5-43FC-8191-807FF37490DE}.Release|Any CPU.ActiveCfg = Release|Any CPU
		{6C7C5191-FDC5-43FC-8191-807FF37490DE}.Release|Any CPU.Build.0 = Release|Any CPU
		{DF4C6AD5-5476-452D-932E-2626F9745D70}.Debug|Any CPU.ActiveCfg = Debug|Any CPU
		{DF4C6AD5-5476-452D-932E-2626F9745D70}.Debug|Any CPU.Build.0 = Debug|Any CPU
		{DF4C6AD5-5476-452D-932E-2626F9745D70}.Release|Any CPU.ActiveCfg = Release|Any CPU
		{DF4C6AD5-5476-452D-932E-2626F9745D70}.Release|Any CPU.Build.0 = Release|Any CPU
		{756624BC-F11F-4058-AD4C-8E56BC277102}.Debug|Any CPU.ActiveCfg = Debug|Any CPU
		{756624BC-F11F-4058-AD4C-8E56BC277102}.Debug|Any CPU.Build.0 = Debug|Any CPU
		{756624BC-F11F-4058-AD4C-8E56BC277102}.Release|Any CPU.ActiveCfg = Release|Any CPU
		{756624BC-F11F-4058-AD4C-8E56BC277102}.Release|Any CPU.Build.0 = Release|Any CPU
		{8910B631-672E-42BC-9207-611DB861CA31}.Debug|Any CPU.ActiveCfg = Debug|Any CPU
		{8910B631-672E-42BC-9207-611DB861CA31}.Debug|Any CPU.Build.0 = Debug|Any CPU
		{8910B631-672E-42BC-9207-611DB861CA31}.Release|Any CPU.ActiveCfg = Release|Any CPU
		{8910B631-672E-42BC-9207-611DB861CA31}.Release|Any CPU.Build.0 = Release|Any CPU
		{E960023C-9A83-405F-B53D-3C837E88DFF3}.Debug|Any CPU.ActiveCfg = Debug|Any CPU
		{E960023C-9A83-405F-B53D-3C837E88DFF3}.Debug|Any CPU.Build.0 = Debug|Any CPU
		{E960023C-9A83-405F-B53D-3C837E88DFF3}.Release|Any CPU.ActiveCfg = Release|Any CPU
		{E960023C-9A83-405F-B53D-3C837E88DFF3}.Release|Any CPU.Build.0 = Release|Any CPU
		{05CA255C-9068-4BAE-9152-6649803A7D72}.Debug|Any CPU.ActiveCfg = Debug|Any CPU
		{05CA255C-9068-4BAE-9152-6649803A7D72}.Debug|Any CPU.Build.0 = Debug|Any CPU
		{05CA255C-9068-4BAE-9152-6649803A7D72}.Release|Any CPU.ActiveCfg = Release|Any CPU
		{05CA255C-9068-4BAE-9152-6649803A7D72}.Release|Any CPU.Build.0 = Release|Any CPU
	EndGlobalSection
	GlobalSection(NestedProjects) = preSolution
		{3DBF8D8C-08F0-46F5-ACE8-E5E303649F8E} = {39676EB6-FDB2-481D-BA89-A3B08B87950D}
		{3DB0B75B-8262-43B0-95BB-BF8EC2C5AFE8} = {421C1813-05DB-4F12-B40F-A6E21153F66D}
		{FC96ABA0-8F74-4D7B-8CCB-5650D56C342B} = {75F7EBDC-7BE8-4A39-A316-434597B96203}
		{69FDA3E4-44E4-4217-8D2F-EC7D7C21510B} = {75F7EBDC-7BE8-4A39-A316-434597B96203}
		{A95489E8-445E-4B47-B2CC-52400464879B} = {7A1F28C8-4EEC-4876-B761-F0A7C7BFF02E}
		{968B1D65-84DF-4D2D-A3A2-FA55ADED037E} = {7A1F28C8-4EEC-4876-B761-F0A7C7BFF02E}
		{D1A7BC37-5955-433E-8ECF-22EF8B42FB9D} = {7A1F28C8-4EEC-4876-B761-F0A7C7BFF02E}
		{6B007A6B-6BB2-4DA0-A6D0-BE3145A2B31A} = {7A1F28C8-4EEC-4876-B761-F0A7C7BFF02E}
		{525B3364-D906-41E5-872C-072285FFAC25} = {FD72FF99-EDD9-462E-A36B-CB47C0B551B3}
		{4ECCDC1D-5582-4E7D-B514-61D87C1408C4} = {D15FA960-86F9-4638-933A-54AEA1D3F8EF}
		{F0B436DF-3D88-49CC-A985-3D132FC32597} = {4A33CC49-4B0D-4242-AF2B-5BA3C0243149}
		{0C049A0A-C90D-4DEE-8A5F-C30EFCCFD8DA} = {4A33CC49-4B0D-4242-AF2B-5BA3C0243149}
		{FA159067-3B0D-403A-A777-43312EA12069} = {4A33CC49-4B0D-4242-AF2B-5BA3C0243149}
		{C170350E-33E3-4982-9BED-C7C4F2D68085} = {FD2D2537-FCE6-4E2B-968C-FD5428DA5F90}
		{F0DDF483-5AD1-4E4D-8DD9-DA41B77F7CD9} = {7A1F28C8-4EEC-4876-B761-F0A7C7BFF02E}
		{1DE9F4C9-1814-49AE-A885-6B08E86A5426} = {EAFD8CFE-317A-4BC4-8321-3F2935750D06}
		{340CCC32-617D-4A0A-A142-569EF188C6EC} = {EAFD8CFE-317A-4BC4-8321-3F2935750D06}
		{4C28415A-A744-4986-A72A-67E0E31CB6FC} = {EAFD8CFE-317A-4BC4-8321-3F2935750D06}
		{6C7C5191-FDC5-43FC-8191-807FF37490DE} = {EAFD8CFE-317A-4BC4-8321-3F2935750D06}
		{DF4C6AD5-5476-452D-932E-2626F9745D70} = {EAFD8CFE-317A-4BC4-8321-3F2935750D06}
		{756624BC-F11F-4058-AD4C-8E56BC277102} = {EAFD8CFE-317A-4BC4-8321-3F2935750D06}
		{8910B631-672E-42BC-9207-611DB861CA31} = {7A1F28C8-4EEC-4876-B761-F0A7C7BFF02E}
		{E960023C-9A83-405F-B53D-3C837E88DFF3} = {EAFD8CFE-317A-4BC4-8321-3F2935750D06}
		{05CA255C-9068-4BAE-9152-6649803A7D72} = {7A1F28C8-4EEC-4876-B761-F0A7C7BFF02E}
	EndGlobalSection
EndGlobal
