
Microsoft Visual Studio Solution File, Format Version 12.00
Project("{FAE04EC0-301F-11D3-BF4B-00C04F79EFBC}") = "ErtisAuth.WebAPI", "ErtisAuth.WebAPI\ErtisAuth.WebAPI.csproj", "{47AE4554-C608-40D3-B9F9-86617B6EE760}"
EndProject
Project("{2150E333-8FDC-42A3-9474-1A3956D46DE8}") = "Business", "Business", "{A2AB6BFD-1BC6-4978-B18C-1B29B2690D46}"
EndProject
Project("{2150E333-8FDC-42A3-9474-1A3956D46DE8}") = "Data", "Data", "{F065ECBC-A3F9-42E6-B4BD-6755ABF799A6}"
EndProject
Project("{2150E333-8FDC-42A3-9474-1A3956D46DE8}") = "Extensions", "Extensions", "{3B34CC76-82E6-44B9-9389-84CAEA06897E}"
EndProject
Project("{2150E333-8FDC-42A3-9474-1A3956D46DE8}") = "Hosts", "Hosts", "{9F94F615-8602-4C69-BC7E-A8A8B3746357}"
EndProject
Project("{2150E333-8FDC-42A3-9474-1A3956D46DE8}") = "Identity", "Identity", "{9877E33E-7AE2-4175-B594-F56FBEED2679}"
EndProject
Project("{2150E333-8FDC-42A3-9474-1A3956D46DE8}") = "Integrations", "Integrations", "{E9CBE798-3689-4687-96A0-6F4B0859AA08}"
EndProject
Project("{2150E333-8FDC-42A3-9474-1A3956D46DE8}") = "Sdk", "Sdk", "{9FA8DB1C-FC0B-48B0-9325-1D54E03A934A}"
EndProject
Project("{2150E333-8FDC-42A3-9474-1A3956D46DE8}") = "Shared", "Shared", "{3A129582-7BF4-4B18-8618-AEAFF1AACC5F}"
EndProject
Project("{FAE04EC0-301F-11D3-BF4B-00C04F79EFBC}") = "ErtisAuth.Infrastructure", "ErtisAuth.Infrastructure\ErtisAuth.Infrastructure.csproj", "{BABD6836-FFCC-4CD2-B3D2-F7434D2DDD1B}"
EndProject
Project("{FAE04EC0-301F-11D3-BF4B-00C04F79EFBC}") = "ErtisAuth.Dao", "ErtisAuth.Dao\ErtisAuth.Dao.csproj", "{E99002B6-3946-4710-B985-A11767AC3BE9}"
EndProject
Project("{FAE04EC0-301F-11D3-BF4B-00C04F79EFBC}") = "ErtisAuth.Dto", "ErtisAuth.Dto\ErtisAuth.Dto.csproj", "{1ED8A43C-7F19-4D22-85BA-10D73DA6E888}"
EndProject
Project("{FAE04EC0-301F-11D3-BF4B-00C04F79EFBC}") = "ErtisAuth.Extensions.ApplicationInsights", "ErtisAuth.Extensions.ApplicationInsights\ErtisAuth.Extensions.ApplicationInsights.csproj", "{C0AEA52A-CA88-40E5-A3A0-EB3C8AED807D}"
EndProject
Project("{FAE04EC0-301F-11D3-BF4B-00C04F79EFBC}") = "ErtisAuth.Extensions.AspNetCore", "ErtisAuth.Extensions.AspNetCore\ErtisAuth.Extensions.AspNetCore.csproj", "{5126B2A0-9AD8-4C44-A884-EB11888F34A2}"
EndProject
Project("{FAE04EC0-301F-11D3-BF4B-00C04F79EFBC}") = "ErtisAuth.Extensions.Authorization", "ErtisAuth.Extensions.Authorization\ErtisAuth.Extensions.Authorization.csproj", "{FAE8EEA0-545A-45B8-B9CC-85B503FF7BE2}"
EndProject
Project("{FAE04EC0-301F-11D3-BF4B-00C04F79EFBC}") = "ErtisAuth.Extensions.Database", "ErtisAuth.Extensions.Database\ErtisAuth.Extensions.Database.csproj", "{2AAF72CA-4923-4414-8B7F-2C629C4BBF87}"
EndProject
Project("{FAE04EC0-301F-11D3-BF4B-00C04F79EFBC}") = "ErtisAuth.Extensions.Hosting", "ErtisAuth.Extensions.Hosting\ErtisAuth.Extensions.Hosting.csproj", "{7E1D4634-94A1-4E6A-A156-F9FA889F9838}"
EndProject
Project("{FAE04EC0-301F-11D3-BF4B-00C04F79EFBC}") = "ErtisAuth.Extensions.Http", "ErtisAuth.Extensions.Http\ErtisAuth.Extensions.Http.csproj", "{BFCA6C69-0ACE-4170-8ABE-C7863EC15E5C}"
EndProject
Project("{FAE04EC0-301F-11D3-BF4B-00C04F79EFBC}") = "ErtisAuth.Extensions.Mailkit", "ErtisAuth.Extensions.Mailkit\ErtisAuth.Extensions.Mailkit.csproj", "{9FDAA565-BC50-4C4F-9864-2B331AA8AEB7}"
EndProject
Project("{FAE04EC0-301F-11D3-BF4B-00C04F79EFBC}") = "ErtisAuth.Extensions.Prometheus", "ErtisAuth.Extensions.Prometheus\ErtisAuth.Extensions.Prometheus.csproj", "{14D23AD5-547E-4EE1-B78E-EED548FF5145}"
EndProject
Project("{FAE04EC0-301F-11D3-BF4B-00C04F79EFBC}") = "ErtisAuth.Extensions.Quartz", "ErtisAuth.Extensions.Quartz\ErtisAuth.Extensions.Quartz.csproj", "{8222BA7F-7051-4CE6-8C85-B73D27DD9DD8}"
EndProject
Project("{FAE04EC0-301F-11D3-BF4B-00C04F79EFBC}") = "ErtisAuth.Identity", "ErtisAuth.Identity\ErtisAuth.Identity.csproj", "{A6B2A524-3BB9-40F6-A492-0F63B8F8A021}"
EndProject
Project("{FAE04EC0-301F-11D3-BF4B-00C04F79EFBC}") = "ErtisAuth.Integrations.OAuth", "ErtisAuth.Integrations.OAuth\ErtisAuth.Integrations.OAuth.csproj", "{84D1F7E5-650F-433C-94E2-6953D2AB678C}"
EndProject
Project("{FAE04EC0-301F-11D3-BF4B-00C04F79EFBC}") = "ErtisAuth.Integrations.OAuth.Abstractions", "ErtisAuth.Integrations.OAuth.Abstractions\ErtisAuth.Integrations.OAuth.Abstractions.csproj", "{C2609295-8BDA-4EF8-90BF-FCE5C6153808}"
EndProject
Project("{FAE04EC0-301F-11D3-BF4B-00C04F79EFBC}") = "ErtisAuth.Integrations.OAuth.Apple", "ErtisAuth.Integrations.OAuth.Apple\ErtisAuth.Integrations.OAuth.Apple.csproj", "{DE49B411-57E6-431A-8D93-8E136CF9A8B7}"
EndProject
Project("{FAE04EC0-301F-11D3-BF4B-00C04F79EFBC}") = "ErtisAuth.Integrations.OAuth.Core", "ErtisAuth.Integrations.OAuth.Core\ErtisAuth.Integrations.OAuth.Core.csproj", "{B6886AA3-AEE2-4C29-9EC0-2F8570EFD7C3}"
EndProject
Project("{FAE04EC0-301F-11D3-BF4B-00C04F79EFBC}") = "ErtisAuth.Integrations.OAuth.Facebook", "ErtisAuth.Integrations.OAuth.Facebook\ErtisAuth.Integrations.OAuth.Facebook.csproj", "{0BCD6050-F179-454F-AB99-2A7439A3D769}"
EndProject
Project("{FAE04EC0-301F-11D3-BF4B-00C04F79EFBC}") = "ErtisAuth.Integrations.OAuth.Google", "ErtisAuth.Integrations.OAuth.Google\ErtisAuth.Integrations.OAuth.Google.csproj", "{5DFBD479-EFCA-4E05-81DB-A766849C9E10}"
EndProject
Project("{FAE04EC0-301F-11D3-BF4B-00C04F79EFBC}") = "ErtisAuth.Integrations.OAuth.Microsoft", "ErtisAuth.Integrations.OAuth.Microsoft\ErtisAuth.Integrations.OAuth.Microsoft.csproj", "{6F00688B-7750-464C-8ADF-F9F1AA1842A6}"
EndProject
Project("{FAE04EC0-301F-11D3-BF4B-00C04F79EFBC}") = "ErtisAuth.Sdk", "ErtisAuth.Sdk\ErtisAuth.Sdk.csproj", "{9312A17E-9F94-4FE0-A945-9A5B3C051814}"
EndProject
Project("{FAE04EC0-301F-11D3-BF4B-00C04F79EFBC}") = "ErtisAuth.Abstractions", "ErtisAuth.Abstractions\ErtisAuth.Abstractions.csproj", "{F6303E4F-C478-440C-AE18-A32A8F7C70D4}"
EndProject
Project("{FAE04EC0-301F-11D3-BF4B-00C04F79EFBC}") = "ErtisAuth.Core", "ErtisAuth.Core\ErtisAuth.Core.csproj", "{1E475A59-C5A4-4DB2-91CA-E660F59BCCF4}"
EndProject
Project("{FAE04EC0-301F-11D3-BF4B-00C04F79EFBC}") = "ErtisAuth.Events", "ErtisAuth.Events\ErtisAuth.Events.csproj", "{FCCD60C0-1351-484A-B6D3-49C361AC8290}"
EndProject
Global
	GlobalSection(SolutionConfigurationPlatforms) = preSolution
		Debug|Any CPU = Debug|Any CPU
		Release|Any CPU = Release|Any CPU
	EndGlobalSection
	GlobalSection(ProjectConfigurationPlatforms) = postSolution
		{47AE4554-C608-40D3-B9F9-86617B6EE760}.Debug|Any CPU.ActiveCfg = Debug|Any CPU
		{47AE4554-C608-40D3-B9F9-86617B6EE760}.Debug|Any CPU.Build.0 = Debug|Any CPU
		{47AE4554-C608-40D3-B9F9-86617B6EE760}.Release|Any CPU.ActiveCfg = Release|Any CPU
		{47AE4554-C608-40D3-B9F9-86617B6EE760}.Release|Any CPU.Build.0 = Release|Any CPU
		{BABD6836-FFCC-4CD2-B3D2-F7434D2DDD1B}.Debug|Any CPU.ActiveCfg = Debug|Any CPU
		{BABD6836-FFCC-4CD2-B3D2-F7434D2DDD1B}.Debug|Any CPU.Build.0 = Debug|Any CPU
		{BABD6836-FFCC-4CD2-B3D2-F7434D2DDD1B}.Release|Any CPU.ActiveCfg = Release|Any CPU
		{BABD6836-FFCC-4CD2-B3D2-F7434D2DDD1B}.Release|Any CPU.Build.0 = Release|Any CPU
		{E99002B6-3946-4710-B985-A11767AC3BE9}.Debug|Any CPU.ActiveCfg = Debug|Any CPU
		{E99002B6-3946-4710-B985-A11767AC3BE9}.Debug|Any CPU.Build.0 = Debug|Any CPU
		{E99002B6-3946-4710-B985-A11767AC3BE9}.Release|Any CPU.ActiveCfg = Release|Any CPU
		{E99002B6-3946-4710-B985-A11767AC3BE9}.Release|Any CPU.Build.0 = Release|Any CPU
		{1ED8A43C-7F19-4D22-85BA-10D73DA6E888}.Debug|Any CPU.ActiveCfg = Debug|Any CPU
		{1ED8A43C-7F19-4D22-85BA-10D73DA6E888}.Debug|Any CPU.Build.0 = Debug|Any CPU
		{1ED8A43C-7F19-4D22-85BA-10D73DA6E888}.Release|Any CPU.ActiveCfg = Release|Any CPU
		{1ED8A43C-7F19-4D22-85BA-10D73DA6E888}.Release|Any CPU.Build.0 = Release|Any CPU
		{C0AEA52A-CA88-40E5-A3A0-EB3C8AED807D}.Debug|Any CPU.ActiveCfg = Debug|Any CPU
		{C0AEA52A-CA88-40E5-A3A0-EB3C8AED807D}.Debug|Any CPU.Build.0 = Debug|Any CPU
		{C0AEA52A-CA88-40E5-A3A0-EB3C8AED807D}.Release|Any CPU.ActiveCfg = Release|Any CPU
		{C0AEA52A-CA88-40E5-A3A0-EB3C8AED807D}.Release|Any CPU.Build.0 = Release|Any CPU
		{5126B2A0-9AD8-4C44-A884-EB11888F34A2}.Debug|Any CPU.ActiveCfg = Debug|Any CPU
		{5126B2A0-9AD8-4C44-A884-EB11888F34A2}.Debug|Any CPU.Build.0 = Debug|Any CPU
		{5126B2A0-9AD8-4C44-A884-EB11888F34A2}.Release|Any CPU.ActiveCfg = Release|Any CPU
		{5126B2A0-9AD8-4C44-A884-EB11888F34A2}.Release|Any CPU.Build.0 = Release|Any CPU
		{FAE8EEA0-545A-45B8-B9CC-85B503FF7BE2}.Debug|Any CPU.ActiveCfg = Debug|Any CPU
		{FAE8EEA0-545A-45B8-B9CC-85B503FF7BE2}.Debug|Any CPU.Build.0 = Debug|Any CPU
		{FAE8EEA0-545A-45B8-B9CC-85B503FF7BE2}.Release|Any CPU.ActiveCfg = Release|Any CPU
		{FAE8EEA0-545A-45B8-B9CC-85B503FF7BE2}.Release|Any CPU.Build.0 = Release|Any CPU
		{2AAF72CA-4923-4414-8B7F-2C629C4BBF87}.Debug|Any CPU.ActiveCfg = Debug|Any CPU
		{2AAF72CA-4923-4414-8B7F-2C629C4BBF87}.Debug|Any CPU.Build.0 = Debug|Any CPU
		{2AAF72CA-4923-4414-8B7F-2C629C4BBF87}.Release|Any CPU.ActiveCfg = Release|Any CPU
		{2AAF72CA-4923-4414-8B7F-2C629C4BBF87}.Release|Any CPU.Build.0 = Release|Any CPU
		{7E1D4634-94A1-4E6A-A156-F9FA889F9838}.Debug|Any CPU.ActiveCfg = Debug|Any CPU
		{7E1D4634-94A1-4E6A-A156-F9FA889F9838}.Debug|Any CPU.Build.0 = Debug|Any CPU
		{7E1D4634-94A1-4E6A-A156-F9FA889F9838}.Release|Any CPU.ActiveCfg = Release|Any CPU
		{7E1D4634-94A1-4E6A-A156-F9FA889F9838}.Release|Any CPU.Build.0 = Release|Any CPU
		{BFCA6C69-0ACE-4170-8ABE-C7863EC15E5C}.Debug|Any CPU.ActiveCfg = Debug|Any CPU
		{BFCA6C69-0ACE-4170-8ABE-C7863EC15E5C}.Debug|Any CPU.Build.0 = Debug|Any CPU
		{BFCA6C69-0ACE-4170-8ABE-C7863EC15E5C}.Release|Any CPU.ActiveCfg = Release|Any CPU
		{BFCA6C69-0ACE-4170-8ABE-C7863EC15E5C}.Release|Any CPU.Build.0 = Release|Any CPU
		{9FDAA565-BC50-4C4F-9864-2B331AA8AEB7}.Debug|Any CPU.ActiveCfg = Debug|Any CPU
		{9FDAA565-BC50-4C4F-9864-2B331AA8AEB7}.Debug|Any CPU.Build.0 = Debug|Any CPU
		{9FDAA565-BC50-4C4F-9864-2B331AA8AEB7}.Release|Any CPU.ActiveCfg = Release|Any CPU
		{9FDAA565-BC50-4C4F-9864-2B331AA8AEB7}.Release|Any CPU.Build.0 = Release|Any CPU
		{14D23AD5-547E-4EE1-B78E-EED548FF5145}.Debug|Any CPU.ActiveCfg = Debug|Any CPU
		{14D23AD5-547E-4EE1-B78E-EED548FF5145}.Debug|Any CPU.Build.0 = Debug|Any CPU
		{14D23AD5-547E-4EE1-B78E-EED548FF5145}.Release|Any CPU.ActiveCfg = Release|Any CPU
		{14D23AD5-547E-4EE1-B78E-EED548FF5145}.Release|Any CPU.Build.0 = Release|Any CPU
		{8222BA7F-7051-4CE6-8C85-B73D27DD9DD8}.Debug|Any CPU.ActiveCfg = Debug|Any CPU
		{8222BA7F-7051-4CE6-8C85-B73D27DD9DD8}.Debug|Any CPU.Build.0 = Debug|Any CPU
		{8222BA7F-7051-4CE6-8C85-B73D27DD9DD8}.Release|Any CPU.ActiveCfg = Release|Any CPU
		{8222BA7F-7051-4CE6-8C85-B73D27DD9DD8}.Release|Any CPU.Build.0 = Release|Any CPU
		{A6B2A524-3BB9-40F6-A492-0F63B8F8A021}.Debug|Any CPU.ActiveCfg = Debug|Any CPU
		{A6B2A524-3BB9-40F6-A492-0F63B8F8A021}.Debug|Any CPU.Build.0 = Debug|Any CPU
		{A6B2A524-3BB9-40F6-A492-0F63B8F8A021}.Release|Any CPU.ActiveCfg = Release|Any CPU
		{A6B2A524-3BB9-40F6-A492-0F63B8F8A021}.Release|Any CPU.Build.0 = Release|Any CPU
		{84D1F7E5-650F-433C-94E2-6953D2AB678C}.Debug|Any CPU.ActiveCfg = Debug|Any CPU
		{84D1F7E5-650F-433C-94E2-6953D2AB678C}.Debug|Any CPU.Build.0 = Debug|Any CPU
		{84D1F7E5-650F-433C-94E2-6953D2AB678C}.Release|Any CPU.ActiveCfg = Release|Any CPU
		{84D1F7E5-650F-433C-94E2-6953D2AB678C}.Release|Any CPU.Build.0 = Release|Any CPU
		{C2609295-8BDA-4EF8-90BF-FCE5C6153808}.Debug|Any CPU.ActiveCfg = Debug|Any CPU
		{C2609295-8BDA-4EF8-90BF-FCE5C6153808}.Debug|Any CPU.Build.0 = Debug|Any CPU
		{C2609295-8BDA-4EF8-90BF-FCE5C6153808}.Release|Any CPU.ActiveCfg = Release|Any CPU
		{C2609295-8BDA-4EF8-90BF-FCE5C6153808}.Release|Any CPU.Build.0 = Release|Any CPU
		{DE49B411-57E6-431A-8D93-8E136CF9A8B7}.Debug|Any CPU.ActiveCfg = Debug|Any CPU
		{DE49B411-57E6-431A-8D93-8E136CF9A8B7}.Debug|Any CPU.Build.0 = Debug|Any CPU
		{DE49B411-57E6-431A-8D93-8E136CF9A8B7}.Release|Any CPU.ActiveCfg = Release|Any CPU
		{DE49B411-57E6-431A-8D93-8E136CF9A8B7}.Release|Any CPU.Build.0 = Release|Any CPU
		{B6886AA3-AEE2-4C29-9EC0-2F8570EFD7C3}.Debug|Any CPU.ActiveCfg = Debug|Any CPU
		{B6886AA3-AEE2-4C29-9EC0-2F8570EFD7C3}.Debug|Any CPU.Build.0 = Debug|Any CPU
		{B6886AA3-AEE2-4C29-9EC0-2F8570EFD7C3}.Release|Any CPU.ActiveCfg = Release|Any CPU
		{B6886AA3-AEE2-4C29-9EC0-2F8570EFD7C3}.Release|Any CPU.Build.0 = Release|Any CPU
		{0BCD6050-F179-454F-AB99-2A7439A3D769}.Debug|Any CPU.ActiveCfg = Debug|Any CPU
		{0BCD6050-F179-454F-AB99-2A7439A3D769}.Debug|Any CPU.Build.0 = Debug|Any CPU
		{0BCD6050-F179-454F-AB99-2A7439A3D769}.Release|Any CPU.ActiveCfg = Release|Any CPU
		{0BCD6050-F179-454F-AB99-2A7439A3D769}.Release|Any CPU.Build.0 = Release|Any CPU
		{5DFBD479-EFCA-4E05-81DB-A766849C9E10}.Debug|Any CPU.ActiveCfg = Debug|Any CPU
		{5DFBD479-EFCA-4E05-81DB-A766849C9E10}.Debug|Any CPU.Build.0 = Debug|Any CPU
		{5DFBD479-EFCA-4E05-81DB-A766849C9E10}.Release|Any CPU.ActiveCfg = Release|Any CPU
		{5DFBD479-EFCA-4E05-81DB-A766849C9E10}.Release|Any CPU.Build.0 = Release|Any CPU
		{6F00688B-7750-464C-8ADF-F9F1AA1842A6}.Debug|Any CPU.ActiveCfg = Debug|Any CPU
		{6F00688B-7750-464C-8ADF-F9F1AA1842A6}.Debug|Any CPU.Build.0 = Debug|Any CPU
		{6F00688B-7750-464C-8ADF-F9F1AA1842A6}.Release|Any CPU.ActiveCfg = Release|Any CPU
		{6F00688B-7750-464C-8ADF-F9F1AA1842A6}.Release|Any CPU.Build.0 = Release|Any CPU
		{9312A17E-9F94-4FE0-A945-9A5B3C051814}.Debug|Any CPU.ActiveCfg = Debug|Any CPU
		{9312A17E-9F94-4FE0-A945-9A5B3C051814}.Debug|Any CPU.Build.0 = Debug|Any CPU
		{9312A17E-9F94-4FE0-A945-9A5B3C051814}.Release|Any CPU.ActiveCfg = Release|Any CPU
		{9312A17E-9F94-4FE0-A945-9A5B3C051814}.Release|Any CPU.Build.0 = Release|Any CPU
		{F6303E4F-C478-440C-AE18-A32A8F7C70D4}.Debug|Any CPU.ActiveCfg = Debug|Any CPU
		{F6303E4F-C478-440C-AE18-A32A8F7C70D4}.Debug|Any CPU.Build.0 = Debug|Any CPU
		{F6303E4F-C478-440C-AE18-A32A8F7C70D4}.Release|Any CPU.ActiveCfg = Release|Any CPU
		{F6303E4F-C478-440C-AE18-A32A8F7C70D4}.Release|Any CPU.Build.0 = Release|Any CPU
		{1E475A59-C5A4-4DB2-91CA-E660F59BCCF4}.Debug|Any CPU.ActiveCfg = Debug|Any CPU
		{1E475A59-C5A4-4DB2-91CA-E660F59BCCF4}.Debug|Any CPU.Build.0 = Debug|Any CPU
		{1E475A59-C5A4-4DB2-91CA-E660F59BCCF4}.Release|Any CPU.ActiveCfg = Release|Any CPU
		{1E475A59-C5A4-4DB2-91CA-E660F59BCCF4}.Release|Any CPU.Build.0 = Release|Any CPU
		{FCCD60C0-1351-484A-B6D3-49C361AC8290}.Debug|Any CPU.ActiveCfg = Debug|Any CPU
		{FCCD60C0-1351-484A-B6D3-49C361AC8290}.Debug|Any CPU.Build.0 = Debug|Any CPU
		{FCCD60C0-1351-484A-B6D3-49C361AC8290}.Release|Any CPU.ActiveCfg = Release|Any CPU
		{FCCD60C0-1351-484A-B6D3-49C361AC8290}.Release|Any CPU.Build.0 = Release|Any CPU
	EndGlobalSection
	GlobalSection(NestedProjects) = preSolution
		{47AE4554-C608-40D3-B9F9-86617B6EE760} = {9F94F615-8602-4C69-BC7E-A8A8B3746357}
		{BABD6836-FFCC-4CD2-B3D2-F7434D2DDD1B} = {A2AB6BFD-1BC6-4978-B18C-1B29B2690D46}
		{E99002B6-3946-4710-B985-A11767AC3BE9} = {F065ECBC-A3F9-42E6-B4BD-6755ABF799A6}
		{1ED8A43C-7F19-4D22-85BA-10D73DA6E888} = {F065ECBC-A3F9-42E6-B4BD-6755ABF799A6}
		{C0AEA52A-CA88-40E5-A3A0-EB3C8AED807D} = {3B34CC76-82E6-44B9-9389-84CAEA06897E}
		{5126B2A0-9AD8-4C44-A884-EB11888F34A2} = {3B34CC76-82E6-44B9-9389-84CAEA06897E}
		{FAE8EEA0-545A-45B8-B9CC-85B503FF7BE2} = {3B34CC76-82E6-44B9-9389-84CAEA06897E}
		{2AAF72CA-4923-4414-8B7F-2C629C4BBF87} = {3B34CC76-82E6-44B9-9389-84CAEA06897E}
		{7E1D4634-94A1-4E6A-A156-F9FA889F9838} = {3B34CC76-82E6-44B9-9389-84CAEA06897E}
		{BFCA6C69-0ACE-4170-8ABE-C7863EC15E5C} = {3B34CC76-82E6-44B9-9389-84CAEA06897E}
		{9FDAA565-BC50-4C4F-9864-2B331AA8AEB7} = {3B34CC76-82E6-44B9-9389-84CAEA06897E}
		{14D23AD5-547E-4EE1-B78E-EED548FF5145} = {3B34CC76-82E6-44B9-9389-84CAEA06897E}
		{8222BA7F-7051-4CE6-8C85-B73D27DD9DD8} = {3B34CC76-82E6-44B9-9389-84CAEA06897E}
		{A6B2A524-3BB9-40F6-A492-0F63B8F8A021} = {9877E33E-7AE2-4175-B594-F56FBEED2679}
		{84D1F7E5-650F-433C-94E2-6953D2AB678C} = {E9CBE798-3689-4687-96A0-6F4B0859AA08}
		{C2609295-8BDA-4EF8-90BF-FCE5C6153808} = {E9CBE798-3689-4687-96A0-6F4B0859AA08}
		{DE49B411-57E6-431A-8D93-8E136CF9A8B7} = {E9CBE798-3689-4687-96A0-6F4B0859AA08}
		{B6886AA3-AEE2-4C29-9EC0-2F8570EFD7C3} = {E9CBE798-3689-4687-96A0-6F4B0859AA08}
		{0BCD6050-F179-454F-AB99-2A7439A3D769} = {E9CBE798-3689-4687-96A0-6F4B0859AA08}
		{5DFBD479-EFCA-4E05-81DB-A766849C9E10} = {E9CBE798-3689-4687-96A0-6F4B0859AA08}
		{6F00688B-7750-464C-8ADF-F9F1AA1842A6} = {E9CBE798-3689-4687-96A0-6F4B0859AA08}
		{9312A17E-9F94-4FE0-A945-9A5B3C051814} = {9FA8DB1C-FC0B-48B0-9325-1D54E03A934A}
		{F6303E4F-C478-440C-AE18-A32A8F7C70D4} = {3A129582-7BF4-4B18-8618-AEAFF1AACC5F}
		{1E475A59-C5A4-4DB2-91CA-E660F59BCCF4} = {3A129582-7BF4-4B18-8618-AEAFF1AACC5F}
		{FCCD60C0-1351-484A-B6D3-49C361AC8290} = {3A129582-7BF4-4B18-8618-AEAFF1AACC5F}
	EndGlobalSection
EndGlobal
